PODS:
  - CTMediator (44)
  - Masonry (1.1.0)
  - MBProgressHUD (1.2.0)
  - MDHomeList (0.1.1):
    - CTMediator
    - Masonry
    - MDHud
    - UserDetailCategory
  - MDHud (0.1.1):
    - MBProgressHUD
  - UserDetail (0.1.0):
    - Masonry
    - MDHud
  - UserDetailCategory (0.1.0):
    - CTMediator

DEPENDENCIES:
  - MDHomeList (from `../`)
  - MDHud
  - UserDetail
  - UserDetailCategory

SPEC REPOS:
  https://github.com/CocoaPods/Specs.git:
    - MBProgressHUD
  https://github.com/liuchongfaye/MDSpecs.git:
    - MDHud
    - UserDetail
    - UserDetailCategory
  trunk:
    - CTMediator
    - Masonry

EXTERNAL SOURCES:
  MDHomeList:
    :path: "../"

SPEC CHECKSUMS:
  CTMediator: 933dba523da87bf875e4a7e8728945fbc512f1d2
  Masonry: 678fab65091a9290e40e2832a55e7ab731aad201
  MBProgressHUD: 3ee5efcc380f6a79a7cc9b363dd669c5e1ae7406
  MDHomeList: a55c8e23e714b0999e4670a7edb162669fd777b7
  MDHud: 739fd1fffb4bb0920e3728247eb20819164593a7
  UserDetail: 0439a32abe4f4e7a0ee85a29d7327c89bfc60e6b
  UserDetailCategory: cd1fece2aaf9f19c911a9f421a5515e83a3b47cb

PODFILE CHECKSUM: 20d2c563e6dd47fc98e06749f5c6f2081aaf6260

COCOAPODS: 1.8.4
